
Microsoft Visual Studio Solution File, Format Version 12.00
# Visual Studio Version 17
VisualStudioVersion = 17.10.35013.160
MinimumVisualStudioVersion = 10.0.40219.1
Project("{FAE04EC0-301F-11D3-BF4B-00C04F79EFBC}") = "BSplineWPF", "BSplineWPF\BSplineWPF.csproj", "{800ADB89-3C6B-4369-8A8D-641D204080B7}"
EndProject
Global
	GlobalSection(SolutionConfigurationPlatforms) = preSolution
		Debug|Any CPU = Debug|Any CPU
		Release|Any CPU = Release|Any CPU
	EndGlobalSection
	GlobalSection(ProjectConfigurationPlatforms) = postSolution
		{800ADB89-3C6B-4369-8A8D-641D204080B7}.Debug|Any CPU.ActiveCfg = Debug|Any CPU
		{800ADB89-3C6B-4369-8A8D-641D204080B7}.Debug|Any CPU.Build.0 = Debug|Any CPU
		{800ADB89-3C6B-4369-8A8D-641D204080B7}.Release|Any CPU.ActiveCfg = Release|Any CPU
		{800ADB89-3C6B-4369-8A8D-641D204080B7}.Release|Any CPU.Build.0 = Release|Any CPU
	EndGlobalSection
	GlobalSection(SolutionProperties) = preSolution
		HideSolutionNode = FALSE
	EndGlobalSection
	GlobalSection(ExtensibilityGlobals) = postSolution
		SolutionGuid = {14CB5652-36AE-4E89-A6C2-4C42E5AD9A7A}
	EndGlobalSection
EndGlobal
